// !$*UTF8*$!
{
	archiveVersion = 1;
	classes = {
	};
	objectVersion = 50;
	objects = {

/* Begin PBXBuildFile section */
		C003CF6B2588FF2F00898752 /* AppDelegate.swift in Sources */ = {isa = PBXBuildFile; fileRef = C003CF6A2588FF2F00898752 /* AppDelegate.swift */; };
		C003CF6D2588FF2F00898752 /* art.scnassets in Resources */ = {isa = PBXBuildFile; fileRef = C003CF6C2588FF2F00898752 /* art.scnassets */; };
		C003CF6F2588FF2F00898752 /* ViewController.swift in Sources */ = {isa = PBXBuildFile; fileRef = C003CF6E2588FF2F00898752 /* ViewController.swift */; };
		C003CF722588FF2F00898752 /* Main.storyboard in Resources */ = {isa = PBXBuildFile; fileRef = C003CF702588FF2F00898752 /* Main.storyboard */; };
		C003CF742588FF3100898752 /* Assets.xcassets in Resources */ = {isa = PBXBuildFile; fileRef = C003CF732588FF3100898752 /* Assets.xcassets */; };
		C003CF772588FF3100898752 /* LaunchScreen.storyboard in Resources */ = {isa = PBXBuildFile; fileRef = C003CF752588FF3100898752 /* LaunchScreen.storyboard */; };
		C003CF802588FF9200898752 /* Helper.swift in Sources */ = {isa = PBXBuildFile; fileRef = C003CF7F2588FF9200898752 /* Helper.swift */; };
		C003CF86258903DF00898752 /* CloudKit.framework in Frameworks */ = {isa = PBXBuildFile; fileRef = C003CF85258903DF00898752 /* CloudKit.framework */; };
		C003CF882589063700898752 /* QRScanViewController.swift in Sources */ = {isa = PBXBuildFile; fileRef = C003CF872589063700898752 /* QRScanViewController.swift */; };
/* End PBXBuildFile section */

/* Begin PBXFileReference section */
		C003CF672588FF2F00898752 /* Scanar.app */ = {isa = PBXFileReference; explicitFileType = wrapper.application; includeInIndex = 0; path = Scanar.app; sourceTree = BUILT_PRODUCTS_DIR; };
		C003CF6A2588FF2F00898752 /* AppDelegate.swift */ = {isa = PBXFileReference; lastKnownFileType = sourcecode.swift; path = AppDelegate.swift; sourceTree = "<group>"; };
		C003CF6C2588FF2F00898752 /* art.scnassets */ = {isa = PBXFileReference; lastKnownFileType = wrapper.scnassets; path = art.scnassets; sourceTree = "<group>"; };
		C003CF6E2588FF2F00898752 /* ViewController.swift */ = {isa = PBXFileReference; lastKnownFileType = sourcecode.swift; path = ViewController.swift; sourceTree = "<group>"; };
		C003CF712588FF2F00898752 /* Base */ = {isa = PBXFileReference; lastKnownFileType = file.storyboard; name = Base; path = Base.lproj/Main.storyboard; sourceTree = "<group>"; };
		C003CF732588FF3100898752 /* Assets.xcassets */ = {isa = PBXFileReference; lastKnownFileType = folder.assetcatalog; path = Assets.xcassets; sourceTree = "<group>"; };
		C003CF762588FF3100898752 /* Base */ = {isa = PBXFileReference; lastKnownFileType = file.storyboard; name = Base; path = Base.lproj/LaunchScreen.storyboard; sourceTree = "<group>"; };
		C003CF782588FF3100898752 /* Info.plist */ = {isa = PBXFileReference; lastKnownFileType = text.plist.xml; path = Info.plist; sourceTree = "<group>"; };
		C003CF7F2588FF9200898752 /* Helper.swift */ = {isa = PBXFileReference; lastKnownFileType = sourcecode.swift; path = Helper.swift; sourceTree = "<group>"; };
		C003CF82258903DA00898752 /* Scanar.entitlements */ = {isa = PBXFileReference; lastKnownFileType = text.plist.entitlements; path = Scanar.entitlements; sourceTree = "<group>"; };
		C003CF85258903DF00898752 /* CloudKit.framework */ = {isa = PBXFileReference; lastKnownFileType = wrapper.framework; name = CloudKit.framework; path = System/Library/Frameworks/CloudKit.framework; sourceTree = SDKROOT; };
		C003CF872589063700898752 /* QRScanViewController.swift */ = {isa = PBXFileReference; lastKnownFileType = sourcecode.swift; path = QRScanViewController.swift; sourceTree = "<group>"; };
/* End PBXFileReference section */

/* Begin PBXFrameworksBuildPhase section */
		C003CF642588FF2F00898752 /* Frameworks */ = {
			isa = PBXFrameworksBuildPhase;
			buildActionMask = 2147483647;
			files = (
				C003CF86258903DF00898752 /* CloudKit.framework in Frameworks */,
			);
			runOnlyForDeploymentPostprocessing = 0;
		};
/* End PBXFrameworksBuildPhase section */

/* Begin PBXGroup section */
		C003CF5E2588FF2F00898752 = {
			isa = PBXGroup;
			children = (
				C003CF692588FF2F00898752 /* Scanar */,
				C003CF682588FF2F00898752 /* Products */,
				C003CF84258903DF00898752 /* Frameworks */,
			);
			sourceTree = "<group>";
		};
		C003CF682588FF2F00898752 /* Products */ = {
			isa = PBXGroup;
			children = (
				C003CF672588FF2F00898752 /* Scanar.app */,
			);
			name = Products;
			sourceTree = "<group>";
		};
		C003CF692588FF2F00898752 /* Scanar */ = {
			isa = PBXGroup;
			children = (
				C003CF82258903DA00898752 /* Scanar.entitlements */,
				C003CF6A2588FF2F00898752 /* AppDelegate.swift */,
				C003CF6C2588FF2F00898752 /* art.scnassets */,
				C003CF6E2588FF2F00898752 /* ViewController.swift */,
				C003CF7F2588FF9200898752 /* Helper.swift */,
				C003CF872589063700898752 /* QRScanViewController.swift */,
				C003CF702588FF2F00898752 /* Main.storyboard */,
				C003CF732588FF3100898752 /* Assets.xcassets */,
				C003CF752588FF3100898752 /* LaunchScreen.storyboard */,
				C003CF782588FF3100898752 /* Info.plist */,
			);
			path = Scanar;
			sourceTree = "<group>";
		};
		C003CF84258903DF00898752 /* Frameworks */ = {
			isa = PBXGroup;
			children = (
				C003CF85258903DF00898752 /* CloudKit.framework */,
			);
			name = Frameworks;
			sourceTree = "<group>";
		};
/* End PBXGroup section */

/* Begin PBXNativeTarget section */
		C003CF662588FF2F00898752 /* Scanar */ = {
			isa = PBXNativeTarget;
			buildConfigurationList = C003CF7B2588FF3100898752 /* Build configuration list for PBXNativeTarget "Scanar" */;
			buildPhases = (
				C003CF632588FF2F00898752 /* Sources */,
				C003CF642588FF2F00898752 /* Frameworks */,
				C003CF652588FF2F00898752 /* Resources */,
			);
			buildRules = (
			);
			dependencies = (
			);
			name = Scanar;
			productName = Scanar;
			productReference = C003CF672588FF2F00898752 /* Scanar.app */;
			productType = "com.apple.product-type.application";
		};
/* End PBXNativeTarget section */

/* Begin PBXProject section */
		C003CF5F2588FF2F00898752 /* Project object */ = {
			isa = PBXProject;
			attributes = {
				LastSwiftUpdateCheck = 1220;
				LastUpgradeCheck = 1220;
				TargetAttributes = {
					C003CF662588FF2F00898752 = {
						CreatedOnToolsVersion = 12.2;
					};
				};
			};
			buildConfigurationList = C003CF622588FF2F00898752 /* Build configuration list for PBXProject "Scanar" */;
			compatibilityVersion = "Xcode 9.3";
			developmentRegion = en;
			hasScannedForEncodings = 0;
			knownRegions = (
				en,
				Base,
			);
			mainGroup = C003CF5E2588FF2F00898752;
			productRefGroup = C003CF682588FF2F00898752 /* Products */;
			projectDirPath = "";
			projectRoot = "";
			targets = (
				C003CF662588FF2F00898752 /* Scanar */,
			);
		};
/* End PBXProject section */

/* Begin PBXResourcesBuildPhase section */
		C003CF652588FF2F00898752 /* Resources */ = {
			isa = PBXResourcesBuildPhase;
			buildActionMask = 2147483647;
			files = (
				C003CF6D2588FF2F00898752 /* art.scnassets in Resources */,
				C003CF772588FF3100898752 /* LaunchScreen.storyboard in Resources */,
				C003CF742588FF3100898752 /* Assets.xcassets in Resources */,
				C003CF722588FF2F00898752 /* Main.storyboard in Resources */,
			);
			runOnlyForDeploymentPostprocessing = 0;
		};
/* End PBXResourcesBuildPhase section */

/* Begin PBXSourcesBuildPhase section */
		C003CF632588FF2F00898752 /* Sources */ = {
			isa = PBXSourcesBuildPhase;
			buildActionMask = 2147483647;
			files = (
				C003CF882589063700898752 /* QRScanViewController.swift in Sources */,
				C003CF6F2588FF2F00898752 /* ViewController.swift in Sources */,
				C003CF6B2588FF2F00898752 /* AppDelegate.swift in Sources */,
				C003CF802588FF9200898752 /* Helper.swift in Sources */,
			);
			runOnlyForDeploymentPostprocessing = 0;
		};
/* End PBXSourcesBuildPhase section */

/* Begin PBXVariantGroup section */
		C003CF702588FF2F00898752 /* Main.storyboard */ = {
			isa = PBXVariantGroup;
			children = (
				C003CF712588FF2F00898752 /* Base */,
			);
			name = Main.storyboard;
			sourceTree = "<group>";
		};
		C003CF752588FF3100898752 /* LaunchScreen.storyboard */ = {
			isa = PBXVariantGroup;
			children = (
				C003CF762588FF3100898752 /* Base */,
			);
			name = LaunchScreen.storyboard;
			sourceTree = "<group>";
		};
/* End PBXVariantGroup section */

/* Begin XCBuildConfiguration section */
		C003CF792588FF3100898752 /* Debug */ = {
			isa = XCBuildConfiguration;
			buildSettings = {
				ALWAYS_SEARCH_USER_PATHS = NO;
				CLANG_ANALYZER_NONNULL = YES;
				CLANG_ANALYZER_NUMBER_OBJECT_CONVERSION = YES_AGGRESSIVE;
				CLANG_CXX_LANGUAGE_STANDARD = "gnu++14";
				CLANG_CXX_LIBRARY = "libc++";
				CLANG_ENABLE_MODULES = YES;
				CLANG_ENABLE_OBJC_ARC = YES;
				CLANG_ENABLE_OBJC_WEAK = YES;
				CLANG_WARN_BLOCK_CAPTURE_AUTORELEASING = YES;
				CLANG_WARN_BOOL_CONVERSION = YES;
				CLANG_WARN_COMMA = YES;
				CLANG_WARN_CONSTANT_CONVERSION = YES;
				CLANG_WARN_DEPRECATED_OBJC_IMPLEMENTATIONS = YES;
				CLANG_WARN_DIRECT_OBJC_ISA_USAGE = YES_ERROR;
				CLANG_WARN_DOCUMENTATION_COMMENTS = YES;
				CLANG_WARN_EMPTY_BODY = YES;
				CLANG_WARN_ENUM_CONVERSION = YES;
				CLANG_WARN_INFINITE_RECURSION = YES;
				CLANG_WARN_INT_CONVERSION = YES;
				CLANG_WARN_NON_LITERAL_NULL_CONVERSION = YES;
				CLANG_WARN_OBJC_IMPLICIT_RETAIN_SELF = YES;
				CLANG_WARN_OBJC_LITERAL_CONVERSION = YES;
				CLANG_WARN_OBJC_ROOT_CLASS = YES_ERROR;
				CLANG_WARN_QUOTED_INCLUDE_IN_FRAMEWORK_HEADER = YES;
				CLANG_WARN_RANGE_LOOP_ANALYSIS = YES;
				CLANG_WARN_STRICT_PROTOTYPES = YES;
				CLANG_WARN_SUSPICIOUS_MOVE = YES;
				CLANG_WARN_UNGUARDED_AVAILABILITY = YES_AGGRESSIVE;
				CLANG_WARN_UNREACHABLE_CODE = YES;
				CLANG_WARN__DUPLICATE_METHOD_MATCH = YES;
				COPY_PHASE_STRIP = NO;
				DEBUG_INFORMATION_FORMAT = dwarf;
				ENABLE_STRICT_OBJC_MSGSEND = YES;
				ENABLE_TESTABILITY = YES;
				GCC_C_LANGUAGE_STANDARD = gnu11;
				GCC_DYNAMIC_NO_PIC = NO;
				GCC_NO_COMMON_BLOCKS = YES;
				GCC_OPTIMIZATION_LEVEL = 0;
				GCC_PREPROCESSOR_DEFINITIONS = (
					"DEBUG=1",
					"$(inherited)",
				);
				GCC_WARN_64_TO_32_BIT_CONVERSION = YES;
				GCC_WARN_ABOUT_RETURN_TYPE = YES_ERROR;
				GCC_WARN_UNDECLARED_SELECTOR = YES;
				GCC_WARN_UNINITIALIZED_AUTOS = YES_AGGRESSIVE;
				GCC_WARN_UNUSED_FUNCTION = YES;
				GCC_WARN_UNUSED_VARIABLE = YES;
				IPHONEOS_DEPLOYMENT_TARGET = 14.2;
				MTL_ENABLE_DEBUG_INFO = INCLUDE_SOURCE;
				MTL_FAST_MATH = YES;
				ONLY_ACTIVE_ARCH = YES;
				SDKROOT = iphoneos;
				SWIFT_ACTIVE_COMPILATION_CONDITIONS = DEBUG;
				SWIFT_OPTIMIZATION_LEVEL = "-Onone";
			};
			name = Debug;
		};
		C003CF7A2588FF3100898752 /* Release */ = {
			isa = XCBuildConfiguration;
			buildSettings = {
				ALWAYS_SEARCH_USER_PATHS = NO;
				CLANG_ANALYZER_NONNULL = YES;
				CLANG_ANALYZER_NUMBER_OBJECT_CONVERSION = YES_AGGRESSIVE;
				CLANG_CXX_LANGUAGE_STANDARD = "gnu++14";
				CLANG_CXX_LIBRARY = "libc++";
				CLANG_ENABLE_MODULES = YES;
				CLANG_ENABLE_OBJC_ARC = YES;
				CLANG_ENABLE_OBJC_WEAK = YES;
				CLANG_WARN_BLOCK_CAPTURE_AUTORELEASING = YES;
				CLANG_WARN_BOOL_CONVERSION = YES;
				CLANG_WARN_COMMA = YES;
				CLANG_WARN_CONSTANT_CONVERSION = YES;
				CLANG_WARN_DEPRECATED_OBJC_IMPLEMENTATIONS = YES;
				CLANG_WARN_DIRECT_OBJC_ISA_USAGE = YES_ERROR;
				CLANG_WARN_DOCUMENTATION_COMMENTS = YES;
				CLANG_WARN_EMPTY_BODY = YES;
				CLANG_WARN_ENUM_CONVERSION = YES;
				CLANG_WARN_INFINITE_RECURSION = YES;
				CLANG_WARN_INT_CONVERSION = YES;
				CLANG_WARN_NON_LITERAL_NULL_CONVERSION = YES;
				CLANG_WARN_OBJC_IMPLICIT_RETAIN_SELF = YES;
				CLANG_WARN_OBJC_LITERAL_CONVERSION = YES;
				CLANG_WARN_OBJC_ROOT_CLASS = YES_ERROR;
				CLANG_WARN_QUOTED_INCLUDE_IN_FRAMEWORK_HEADER = YES;
				CLANG_WARN_RANGE_LOOP_ANALYSIS = YES;
				CLANG_WARN_STRICT_PROTOTYPES = YES;
				CLANG_WARN_SUSPICIOUS_MOVE = YES;
				CLANG_WARN_UNGUARDED_AVAILABILITY = YES_AGGRESSIVE;
				CLANG_WARN_UNREACHABLE_CODE = YES;
				CLANG_WARN__DUPLICATE_METHOD_MATCH = YES;
				COPY_PHASE_STRIP = NO;
				DEBUG_INFORMATION_FORMAT = "dwarf-with-dsym";
				ENABLE_NS_ASSERTIONS = NO;
				ENABLE_STRICT_OBJC_MSGSEND = YES;
				GCC_C_LANGUAGE_STANDARD = gnu11;
				GCC_NO_COMMON_BLOCKS = YES;
				GCC_WARN_64_TO_32_BIT_CONVERSION = YES;
				GCC_WARN_ABOUT_RETURN_TYPE = YES_ERROR;
				GCC_WARN_UNDECLARED_SELECTOR = YES;
				GCC_WARN_UNINITIALIZED_AUTOS = YES_AGGRESSIVE;
				GCC_WARN_UNUSED_FUNCTION = YES;
				GCC_WARN_UNUSED_VARIABLE = YES;
				IPHONEOS_DEPLOYMENT_TARGET = 14.2;
				MTL_ENABLE_DEBUG_INFO = NO;
				MTL_FAST_MATH = YES;
				SDKROOT = iphoneos;
				SWIFT_COMPILATION_MODE = wholemodule;
				SWIFT_OPTIMIZATION_LEVEL = "-O";
				VALIDATE_PRODUCT = YES;
			};
			name = Release;
		};
		C003CF7C2588FF3100898752 /* Debug */ = {
			isa = XCBuildConfiguration;
			buildSettings = {
				ASSETCATALOG_COMPILER_APPICON_NAME = AppIcon;
				ASSETCATALOG_COMPILER_GLOBAL_ACCENT_COLOR_NAME = AccentColor;
				CODE_SIGN_ENTITLEMENTS = Scanar/Scanar.entitlements;
				CODE_SIGN_STYLE = Automatic;
				DEVELOPMENT_TEAM = 3QN5S48CNC;
				INFOPLIST_FILE = Scanar/Info.plist;
				LD_RUNPATH_SEARCH_PATHS = (
					"$(inherited)",
					"@executable_path/Frameworks",
				);
				PRODUCT_BUNDLE_IDENTIFIER = Rinne.Scanar;
				PRODUCT_NAME = "$(TARGET_NAME)";
				SWIFT_VERSION = 5.0;
				TARGETED_DEVICE_FAMILY = "1,2";
			};
			name = Debug;
		};
		C003CF7D2588FF3100898752 /* Release */ = {
			isa = XCBuildConfiguration;
			buildSettings = {
				ASSETCATALOG_COMPILER_APPICON_NAME = AppIcon;
				ASSETCATALOG_COMPILER_GLOBAL_ACCENT_COLOR_NAME = AccentColor;
				CODE_SIGN_ENTITLEMENTS = Scanar/Scanar.entitlements;
				CODE_SIGN_STYLE = Automatic;
				DEVELOPMENT_TEAM = 3QN5S48CNC;
				INFOPLIST_FILE = Scanar/Info.plist;
				LD_RUNPATH_SEARCH_PATHS = (
					"$(inherited)",
					"@executable_path/Frameworks",
				);
				PRODUCT_BUNDLE_IDENTIFIER = Rinne.Scanar;
				PRODUCT_NAME = "$(TARGET_NAME)";
				SWIFT_VERSION = 5.0;
				TARGETED_DEVICE_FAMILY = "1,2";
			};
			name = Release;
		};
/* End XCBuildConfiguration section */

/* Begin XCConfigurationList section */
		C003CF622588FF2F00898752 /* Build configuration list for PBXProject "Scanar" */ = {
			isa = XCConfigurationList;
			buildConfigurations = (
				C003CF792588FF3100898752 /* Debug */,
				C003CF7A2588FF3100898752 /* Release */,
			);
			defaultConfigurationIsVisible = 0;
			defaultConfigurationName = Release;
		};
		C003CF7B2588FF3100898752 /* Build configuration list for PBXNativeTarget "Scanar" */ = {
			isa = XCConfigurationList;
			buildConfigurations = (
				C003CF7C2588FF3100898752 /* Debug */,
				C003CF7D2588FF3100898752 /* Release */,
			);
			defaultConfigurationIsVisible = 0;
			defaultConfigurationName = Release;
		};
/* End XCConfigurationList section */
	};
	rootObject = C003CF5F2588FF2F00898752 /* Project object */;
}
